<?xml version="1.0" encoding="utf-8"?>
<Project ToolsVersion="4.0" xmlns="http://schemas.microsoft.com/developer/msbuild/2003">
  <ItemGroup>
    <Filter Include="Source Files">
      <UniqueIdentifier>{4FC737F1-C7A5-4376-A066-2A32D752A2FF}</UniqueIdentifier>
      <Extensions>cpp;c;cc;cxx;c++;cppm;ixx;def;odl;idl;hpj;bat;asm;asmx</Extensions>
    </Filter>
    <Filter Include="Header Files">
      <UniqueIdentifier>{93995380-89BD-4b04-88EB-625FBE52EBFB}</UniqueIdentifier>
      <Extensions>h;hh;hpp;hxx;h++;hm;inl;inc;ipp;xsd</Extensions>
    </Filter>
    <Filter Include="Resource Files">
      <UniqueIdentifier>{67DA6AB6-F800-4c08-8B7A-83BB121AAD01}</UniqueIdentifier>
      <Extensions>rc;ico;cur;bmp;dlg;rc2;rct;bin;rgs;gif;jpg;jpeg;jpe;resx;tiff;tif;png;wav;mfcribbon-ms</Extensions>
    </Filter>
  </ItemGroup>
  <ItemGroup>
    <ClCompile Include="Sandbox.cpp">
      <Filter>Source Files</Filter>
    </ClCompile>
    <ClCompile Include="printBallHeight.cpp">
      <Filter>Source Files</Filter>
    </ClCompile>
    <ClCompile Include="isPrime.cpp">
      <Filter>Source Files</Filter>
    </ClCompile>
    <ClCompile Include="main.cpp">
      <Filter>Source Files</Filter>
    </ClCompile>
    <ClCompile Include="input.cpp">
      <Filter>Source Files</Filter>
    </ClCompile>
    <ClCompile Include="miscUnused.cpp">
      <Filter>Source Files</Filter>
    </ClCompile>
    <ClCompile Include="aliasesEX.cpp">
      <Filter>Source Files</Filter>
    </ClCompile>
    <ClCompile Include="swap.cpp">
      <Filter>Source Files</Filter>
    </ClCompile>
    <ClCompile Include="calculateAdRevenue.cpp">
      <Filter>Source Files</Filter>
    </ClCompile>
    <ClCompile Include="animalLegNums.cpp">
      <Filter>Source Files</Filter>
    </ClCompile>
    <ClCompile Include="hiLo.cpp">
      <Filter>Source Files</Filter>
    </ClCompile>
    <ClCompile Include="FractionStruct.cpp">
      <Filter>Source Files</Filter>
    </ClCompile>
    <ClCompile Include="countApples.cpp">
      <Filter>Source Files</Filter>
    </ClCompile>
    <ClCompile Include="rotateBits.cpp">
      <Filter>Source Files</Filter>
    </ClCompile>
    <ClCompile Include="accumulate.cpp">
      <Filter>Source Files</Filter>
    </ClCompile>
    <ClCompile Include="Monster.cpp">
      <Filter>Source Files</Filter>
    </ClCompile>
    <ClCompile Include="TriadStruct.cpp">
      <Filter>Source Files</Filter>
    </ClCompile>
    <ClCompile Include="Point3d.cpp">
      <Filter>Source Files</Filter>
    </ClCompile>
    <ClCompile Include="Ball.cpp">
      <Filter>Source Files</Filter>
    </ClCompile>
    <ClCompile Include="Point2d.cpp">
      <Filter>Source Files</Filter>
    </ClCompile>
    <ClCompile Include="FractionClass.cpp">
      <Filter>Source Files</Filter>
    </ClCompile>
    <ClCompile Include="Triad.cpp">
      <Filter>Source Files</Filter>
    </ClCompile>
    <ClCompile Include="ClassRandom.cpp">
      <Filter>Source Files</Filter>
    </ClCompile>
    <ClCompile Include="Vector3d.cpp">
      <Filter>Source Files</Filter>
    </ClCompile>
    <ClCompile Include="stdVectorExample.cpp">
      <Filter>Source Files</Filter>
    </ClCompile>
    <ClCompile Include="arrayLoop.cpp">
      <Filter>Source Files</Filter>
    </ClCompile>
    <ClCompile Include="rangeBased.cpp">
      <Filter>Source Files</Filter>
    </ClCompile>
    <ClCompile Include="enumIndex.cpp">
      <Filter>Source Files</Filter>
    </ClCompile>
    <ClCompile Include="vectorStack.cpp">
      <Filter>Source Files</Filter>
    </ClCompile>
    <ClCompile Include="quiz16.cpp">
      <Filter>Source Files</Filter>
    </ClCompile>
    <ClCompile Include="cppMan.cpp">
      <Filter>Source Files</Filter>
    </ClCompile>
    <ClCompile Include="ch17ArraysPt1.cpp">
      <Filter>Source Files</Filter>
    </ClCompile>
    <ClCompile Include="perfectSquares.cpp">
      <Filter>Source Files</Filter>
    </ClCompile>
    <ClCompile Include="roscoes.cpp">
      <Filter>Source Files</Filter>
    </ClCompile>
    <ClCompile Include="deck52.cpp">
      <Filter>Source Files</Filter>
    </ClCompile>
    <ClCompile Include="bubbleSort.cpp">
      <Filter>Source Files</Filter>
    </ClCompile>
    <ClCompile Include="dynamicAllocation.cpp">
      <Filter>Source Files</Filter>
    </ClCompile>
    <ClCompile Include="funcPointerCalculator.cpp">
      <Filter>Source Files</Filter>
    </ClCompile>
  </ItemGroup>
  <ItemGroup>
    <ClInclude Include="constants.h">
      <Filter>Header Files</Filter>
    </ClInclude>
    <ClInclude Include="NamespaceRandom.h">
      <Filter>Header Files</Filter>
    </ClInclude>
    <ClInclude Include="Sandbox.h">
      <Filter>Header Files</Filter>
    </ClInclude>
    <ClInclude Include="isPrime.h">
      <Filter>Header Files</Filter>
    </ClInclude>
    <ClInclude Include="input.h">
      <Filter>Header Files</Filter>
    </ClInclude>
    <ClInclude Include="miscUnused.h">
      <Filter>Header Files</Filter>
    </ClInclude>
    <ClInclude Include="animalLegNums.h">
      <Filter>Header Files</Filter>
    </ClInclude>
    <ClInclude Include="hiLo.h">
      <Filter>Header Files</Filter>
    </ClInclude>
    <ClInclude Include="calculateAdRevenue.h">
      <Filter>Header Files</Filter>
    </ClInclude>
    <ClInclude Include="FractionStruct.h">
      <Filter>Header Files</Filter>
    </ClInclude>
    <ClInclude Include="aliasesEX.h">
      <Filter>Header Files</Filter>
    </ClInclude>
    <ClInclude Include="accumulate.h">
      <Filter>Header Files</Filter>
    </ClInclude>
    <ClInclude Include="rotateBits.h">
      <Filter>Header Files</Filter>
    </ClInclude>
    <ClInclude Include="swap.h">
      <Filter>Header Files</Filter>
    </ClInclude>
    <ClInclude Include="countApples.h">
      <Filter>Header Files</Filter>
    </ClInclude>
    <ClInclude Include="arithmetic.h">
      <Filter>Header Files</Filter>
    </ClInclude>
    <ClInclude Include="Monster.h">
      <Filter>Header Files</Filter>
    </ClInclude>
    <ClInclude Include="TriadStruct.h">
      <Filter>Header Files</Filter>
    </ClInclude>
    <ClInclude Include="Point3d.h">
      <Filter>Header Files</Filter>
    </ClInclude>
    <ClInclude Include="Ball.h">
      <Filter>Header Files</Filter>
    </ClInclude>
    <ClInclude Include="Point2d.h">
      <Filter>Header Files</Filter>
    </ClInclude>
    <ClInclude Include="FractionClass.h">
      <Filter>Header Files</Filter>
    </ClInclude>
    <ClInclude Include="Triad.h">
      <Filter>Header Files</Filter>
    </ClInclude>
    <ClInclude Include="ClassRandom.h">
      <Filter>Header Files</Filter>
    </ClInclude>
    <ClInclude Include="Vector3d.h">
      <Filter>Header Files</Filter>
    </ClInclude>
    <ClInclude Include="Random.h">
      <Filter>Header Files</Filter>
    </ClInclude>
    <ClInclude Include="stdVectorExample.h">
      <Filter>Header Files</Filter>
    </ClInclude>
    <ClInclude Include="arrayLoop.h">
      <Filter>Header Files</Filter>
    </ClInclude>
    <ClInclude Include="rangeBased.h">
      <Filter>Header Files</Filter>
    </ClInclude>
    <ClInclude Include="enumIndex.h">
      <Filter>Header Files</Filter>
    </ClInclude>
    <ClInclude Include="vectorStack.h">
      <Filter>Header Files</Filter>
    </ClInclude>
    <ClInclude Include="quiz16.h">
      <Filter>Header Files</Filter>
    </ClInclude>
    <ClInclude Include="cppMan.h">
      <Filter>Header Files</Filter>
    </ClInclude>
    <ClInclude Include="ch17ArraysPt1.h">
      <Filter>Header Files</Filter>
    </ClInclude>
    <ClInclude Include="perfectSquares.h">
      <Filter>Header Files</Filter>
    </ClInclude>
    <ClInclude Include="roscoes.h">
      <Filter>Header Files</Filter>
    </ClInclude>
    <ClInclude Include="deck52.h">
      <Filter>Header Files</Filter>
    </ClInclude>
    <ClInclude Include="bubbleSort.h">
      <Filter>Header Files</Filter>
    </ClInclude>
    <ClInclude Include="dynamicAllocation.h">
      <Filter>Header Files</Filter>
    </ClInclude>
    <ClInclude Include="funcPointerCalculator.h">
      <Filter>Header Files</Filter>
    </ClInclude>
  </ItemGroup>
</Project>